
Microsoft Visual Studio Solution File, Format Version 12.00
# Visual Studio Version 17
VisualStudioVersion = 17.1.32228.430
MinimumVisualStudioVersion = 10.0.40219.1
Project("{9A19103F-16F7-4668-BE54-9A1E7A4F7556}") = "RabbitMQNet6.Watermark", "RabbitMQNet6.Watermark\RabbitMQNet6.Watermark.csproj", "{E54BCCB2-CF88-49DA-BA74-D62901BCC307}"
EndProject
Project("{9A19103F-16F7-4668-BE54-9A1E7A4F7556}") = "RabbitMQNet6.ExcelCreation", "RabbitMQNet6.ExcelCreation\RabbitMQNet6.ExcelCreation.csproj", "{E3FDA007-13D4-4BF9-A332-340F599AB0FE}"
EndProject
Project("{9A19103F-16F7-4668-BE54-9A1E7A4F7556}") = "RabbitMQNet6.Shared", "RabbitMQNet6.Shared\RabbitMQNet6.Shared.csproj", "{E38D434E-7C87-4442-8904-71E8B58A282A}"
EndProject
Project("{9A19103F-16F7-4668-BE54-9A1E7A4F7556}") = "RabbitMQNet6.FileCreationWorkerService", "RabbitMQNet6.FileCreationWorkerService\RabbitMQNet6.FileCreationWorkerService.csproj", "{4EAEA194-1FE1-4CEC-B678-14F00DC8E3FC}"
EndProject
Global
	GlobalSection(SolutionConfigurationPlatforms) = preSolution
		Debug|Any CPU = Debug|Any CPU
		Release|Any CPU = Release|Any CPU
	EndGlobalSection
	GlobalSection(ProjectConfigurationPlatforms) = postSolution
		{E54BCCB2-CF88-49DA-BA74-D62901BCC307}.Debug|Any CPU.ActiveCfg = Debug|Any CPU
		{E54BCCB2-CF88-49DA-BA74-D62901BCC307}.Debug|Any CPU.Build.0 = Debug|Any CPU
		{E54BCCB2-CF88-49DA-BA74-D62901BCC307}.Release|Any CPU.ActiveCfg = Release|Any CPU
		{E54BCCB2-CF88-49DA-BA74-D62901BCC307}.Release|Any CPU.Build.0 = Release|Any CPU
		{E3FDA007-13D4-4BF9-A332-340F599AB0FE}.Debug|Any CPU.ActiveCfg = Debug|Any CPU
		{E3FDA007-13D4-4BF9-A332-340F599AB0FE}.Debug|Any CPU.Build.0 = Debug|Any CPU
		{E3FDA007-13D4-4BF9-A332-340F599AB0FE}.Release|Any CPU.ActiveCfg = Release|Any CPU
		{E3FDA007-13D4-4BF9-A332-340F599AB0FE}.Release|Any CPU.Build.0 = Release|Any CPU
		{E38D434E-7C87-4442-8904-71E8B58A282A}.Debug|Any CPU.ActiveCfg = Debug|Any CPU
		{E38D434E-7C87-4442-8904-71E8B58A282A}.Debug|Any CPU.Build.0 = Debug|Any CPU
		{E38D434E-7C87-4442-8904-71E8B58A282A}.Release|Any CPU.ActiveCfg = Release|Any CPU
		{E38D434E-7C87-4442-8904-71E8B58A282A}.Release|Any CPU.Build.0 = Release|Any CPU
		{4EAEA194-1FE1-4CEC-B678-14F00DC8E3FC}.Debug|Any CPU.ActiveCfg = Debug|Any CPU
		{4EAEA194-1FE1-4CEC-B678-14F00DC8E3FC}.Debug|Any CPU.Build.0 = Debug|Any CPU
		{4EAEA194-1FE1-4CEC-B678-14F00DC8E3FC}.Release|Any CPU.ActiveCfg = Release|Any CPU
		{4EAEA194-1FE1-4CEC-B678-14F00DC8E3FC}.Release|Any CPU.Build.0 = Release|Any CPU
	EndGlobalSection
	GlobalSection(SolutionProperties) = preSolution
		HideSolutionNode = FALSE
	EndGlobalSection
	GlobalSection(ExtensibilityGlobals) = postSolution
		SolutionGuid = {346573CA-BEFE-4888-ADD8-521409BA1908}
	EndGlobalSection
EndGlobal
